
Microsoft Visual Studio Solution File, Format Version 12.00
# Visual Studio Version 16
VisualStudioVersion = 25.0.1705.1
MinimumVisualStudioVersion = 10.0.40219.1
Project("{FAE04EC0-301F-11D3-BF4B-00C04F79EFBC}") = "BookStoreApp.API", "BookStoreApp\BookStoreApp.API.csproj", "{E267A43A-D726-4FF2-969D-66D522CCAF7B}"
EndProject
Project("{FAE04EC0-301F-11D3-BF4B-00C04F79EFBC}") = "BookStore.Blazor.Server.UI", "BookStore.Blazor.Server.UI\BookStore.Blazor.Server.UI.csproj", "{98DC08B3-7BAB-44AF-B2F8-201473CAF4D2}"
EndProject
Global
	GlobalSection(SolutionConfigurationPlatforms) = preSolution
		Debug|Any CPU = Debug|Any CPU
		Release|Any CPU = Release|Any CPU
	EndGlobalSection
	GlobalSection(ProjectConfigurationPlatforms) = postSolution
		{E267A43A-D726-4FF2-969D-66D522CCAF7B}.Debug|Any CPU.ActiveCfg = Debug|Any CPU
		{E267A43A-D726-4FF2-969D-66D522CCAF7B}.Debug|Any CPU.Build.0 = Debug|Any CPU
		{E267A43A-D726-4FF2-969D-66D522CCAF7B}.Release|Any CPU.ActiveCfg = Release|Any CPU
		{E267A43A-D726-4FF2-969D-66D522CCAF7B}.Release|Any CPU.Build.0 = Release|Any CPU
		{98DC08B3-7BAB-44AF-B2F8-201473CAF4D2}.Debug|Any CPU.ActiveCfg = Debug|Any CPU
		{98DC08B3-7BAB-44AF-B2F8-201473CAF4D2}.Debug|Any CPU.Build.0 = Debug|Any CPU
		{98DC08B3-7BAB-44AF-B2F8-201473CAF4D2}.Release|Any CPU.ActiveCfg = Release|Any CPU
		{98DC08B3-7BAB-44AF-B2F8-201473CAF4D2}.Release|Any CPU.Build.0 = Release|Any CPU
	EndGlobalSection
	GlobalSection(SolutionProperties) = preSolution
		HideSolutionNode = FALSE
	EndGlobalSection
	GlobalSection(ExtensibilityGlobals) = postSolution
		SolutionGuid = {FF118FDF-99E4-4B77-B7B7-0AA0477D0CF3}
	EndGlobalSection
EndGlobal
